<?xml version="1.0" encoding="UTF-8"?>
<Scheme
   version = "1.3">
   <BuildAction>
      <BuildActionEntries>
         <BuildActionEntry
            buildForRunning = "YES">
            <BuildableReference
               BuildableIdentifier = "primary"
               BlueprintIdentifier = "D02DAE88298DE1DC00AF3512"
               BuildableName = "Hydrateminder.app"
               BlueprintName = "Hydrateminder"
               ReferencedContainer = "container:Hydrateminder.xcodeproj">
            </BuildableReference>
         </BuildActionEntry>
      </BuildActionEntries>
   </BuildAction>
   <LaunchAction
      useCustomWorkingDirectory = "NO"
      buildConfiguration = "Debug"
      allowLocationSimulation = "YES">
      <BuildableProductRunnable>
         <BuildableReference
            BuildableIdentifier = "primary"
            BlueprintIdentifier = "D02DAE88298DE1DC00AF3512"
            BuildableName = "Hydrateminder.app"
            BlueprintName = "Hydrateminder"
            ReferencedContainer = "container:Hydrateminder.xcodeproj">
         </BuildableReference>
      </BuildableProductRunnable>
   </LaunchAction>
</Scheme>
